
Microsoft Visual Studio Solution File, Format Version 12.00
# Visual Studio Version 16
VisualStudioVersion = 16.0.30413.136
MinimumVisualStudioVersion = 10.0.40219.1
Project("{FAE04EC0-301F-11D3-BF4B-00C04F79EFBC}") = "LabEstoque", "LabEstoque\LabEstoque.csproj", "{5D7A5704-4038-4DFA-8AF3-230F273E7793}"
EndProject
Project("{FAE04EC0-301F-11D3-BF4B-00C04F79EFBC}") = "Sistema_Pesenca_Alunos", "..\Spa\Sistema_Pesenca_Alunos\Sistema_Pesenca_Alunos\Sistema_Pesenca_Alunos.csproj", "{ED9E58DD-12FF-4B87-BAA1-59A58FDD798D}"
EndProject
Global
	GlobalSection(SolutionConfigurationPlatforms) = preSolution
		Debug|Any CPU = Debug|Any CPU
		Release|Any CPU = Release|Any CPU
	EndGlobalSection
	GlobalSection(ProjectConfigurationPlatforms) = postSolution
		{5D7A5704-4038-4DFA-8AF3-230F273E7793}.Debug|Any CPU.ActiveCfg = Debug|Any CPU
		{5D7A5704-4038-4DFA-8AF3-230F273E7793}.Debug|Any CPU.Build.0 = Debug|Any CPU
		{5D7A5704-4038-4DFA-8AF3-230F273E7793}.Release|Any CPU.ActiveCfg = Release|Any CPU
		{5D7A5704-4038-4DFA-8AF3-230F273E7793}.Release|Any CPU.Build.0 = Release|Any CPU
		{ED9E58DD-12FF-4B87-BAA1-59A58FDD798D}.Debug|Any CPU.ActiveCfg = Debug|Any CPU
		{ED9E58DD-12FF-4B87-BAA1-59A58FDD798D}.Debug|Any CPU.Build.0 = Debug|Any CPU
		{ED9E58DD-12FF-4B87-BAA1-59A58FDD798D}.Release|Any CPU.ActiveCfg = Release|Any CPU
		{ED9E58DD-12FF-4B87-BAA1-59A58FDD798D}.Release|Any CPU.Build.0 = Release|Any CPU
	EndGlobalSection
	GlobalSection(SolutionProperties) = preSolution
		HideSolutionNode = FALSE
	EndGlobalSection
	GlobalSection(ExtensibilityGlobals) = postSolution
		SolutionGuid = {24A9FADA-7A95-4ECF-9989-19321E4A2130}
	EndGlobalSection
EndGlobal
